
Microsoft Visual Studio Solution File, Format Version 12.00
Project("{FAE04EC0-301F-11D3-BF4B-00C04F79EFBC}") = "lab03", "lab03\lab03.csproj", "{B4359411-2419-43D0-BAC4-69BF6960C820}"
EndProject
Global
	GlobalSection(SolutionConfigurationPlatforms) = preSolution
		Debug|Any CPU = Debug|Any CPU
		Release|Any CPU = Release|Any CPU
	EndGlobalSection
	GlobalSection(ProjectConfigurationPlatforms) = postSolution
		{B4359411-2419-43D0-BAC4-69BF6960C820}.Debug|Any CPU.ActiveCfg = Debug|Any CPU
		{B4359411-2419-43D0-BAC4-69BF6960C820}.Debug|Any CPU.Build.0 = Debug|Any CPU
		{B4359411-2419-43D0-BAC4-69BF6960C820}.Release|Any CPU.ActiveCfg = Release|Any CPU
		{B4359411-2419-43D0-BAC4-69BF6960C820}.Release|Any CPU.Build.0 = Release|Any CPU
	EndGlobalSection
EndGlobal
